github.com/Siiir/f64 v0.0.0-20220615140413-4e55effe45b9 h1:r82Gp6nePJqYXyj0Ax4F/QFNiJUrfUnU1GpB6BF7D1M=
github.com/Siiir/f64 v0.0.0-20220615140413-4e55effe45b9/go.mod h1:4DrxlA6V6aXe5W9LIjt2dUm0GXZH9ugcHB1A8DpWsTQ=
github.com/Siiir/ptr v0.0.0-20220615143807-1240d029b7cc h1:34T6RJ2RkogGkfXNZhzJkrKAvlpNZDCvuioXJcafKFE=
github.com/Siiir/ptr v0.0.0-20220615143807-1240d029b7cc/go.mod h1:FJ4PNY/EYJQ8A/9haRTPoK2xBYCrD9gR6xF5y9T25Gc=
